
Microsoft Visual Studio Solution File, Format Version 12.00
# Visual Studio Version 17
VisualStudioVersion = 17.4.33122.133
MinimumVisualStudioVersion = 10.0.40219.1
Project("{9A19103F-16F7-4668-BE54-9A1E7A4F7556}") = "BlazorApp-empty2.Server", "Server\BlazorApp-empty2.Server.csproj", "{47E23C05-662A-4236-9A1E-8E72804A61FC}"
EndProject
Project("{9A19103F-16F7-4668-BE54-9A1E7A4F7556}") = "BlazorApp-empty2.Client", "Client\BlazorApp-empty2.Client.csproj", "{ACAE051F-03BE-4D86-8E2B-FF764A2E7AB2}"
EndProject
Project("{9A19103F-16F7-4668-BE54-9A1E7A4F7556}") = "BlazorApp-empty2.Shared", "Shared\BlazorApp-empty2.Shared.csproj", "{8A5974A4-9FFD-4C8E-A212-DF4B8E83237E}"
EndProject
Global
	GlobalSection(SolutionConfigurationPlatforms) = preSolution
		Debug|Any CPU = Debug|Any CPU
		Release|Any CPU = Release|Any CPU
	EndGlobalSection
	GlobalSection(ProjectConfigurationPlatforms) = postSolution
		{47E23C05-662A-4236-9A1E-8E72804A61FC}.Debug|Any CPU.ActiveCfg = Debug|Any CPU
		{47E23C05-662A-4236-9A1E-8E72804A61FC}.Debug|Any CPU.Build.0 = Debug|Any CPU
		{47E23C05-662A-4236-9A1E-8E72804A61FC}.Release|Any CPU.ActiveCfg = Release|Any CPU
		{47E23C05-662A-4236-9A1E-8E72804A61FC}.Release|Any CPU.Build.0 = Release|Any CPU
		{ACAE051F-03BE-4D86-8E2B-FF764A2E7AB2}.Debug|Any CPU.ActiveCfg = Debug|Any CPU
		{ACAE051F-03BE-4D86-8E2B-FF764A2E7AB2}.Debug|Any CPU.Build.0 = Debug|Any CPU
		{ACAE051F-03BE-4D86-8E2B-FF764A2E7AB2}.Release|Any CPU.ActiveCfg = Release|Any CPU
		{ACAE051F-03BE-4D86-8E2B-FF764A2E7AB2}.Release|Any CPU.Build.0 = Release|Any CPU
		{8A5974A4-9FFD-4C8E-A212-DF4B8E83237E}.Debug|Any CPU.ActiveCfg = Debug|Any CPU
		{8A5974A4-9FFD-4C8E-A212-DF4B8E83237E}.Debug|Any CPU.Build.0 = Debug|Any CPU
		{8A5974A4-9FFD-4C8E-A212-DF4B8E83237E}.Release|Any CPU.ActiveCfg = Release|Any CPU
		{8A5974A4-9FFD-4C8E-A212-DF4B8E83237E}.Release|Any CPU.Build.0 = Release|Any CPU
	EndGlobalSection
	GlobalSection(SolutionProperties) = preSolution
		HideSolutionNode = FALSE
	EndGlobalSection
	GlobalSection(ExtensibilityGlobals) = postSolution
		SolutionGuid = {E988487E-CCA8-4FC7-9915-F7A7EDA148E4}
	EndGlobalSection
EndGlobal
